{
  "name": "nodejs",
  "version": "1.0.0",
  "lockfileVersion": 3,
  "requires": true,
  "packages": {
    "": {
      "name": "nodejs",
      "version": "1.0.0",
      "license": "ISC",
      "dependencies": {
        "lodash": "^4.17.21"
      },
      "devDependencies": {
        "normal": "^0.1.1"
      }
    },
    "node_modules/lodash": {
      "version": "4.17.21",
      "resolved": "https://registry.npmjs.org/lodash/-/lodash-4.17.21.tgz",
      "integrity": "sha512-v2kDEe57lecTulaDIuNTPy3Ry4gLGJ6Z1O3vE1krgXZNrsQ+LFTGHVxVjcXPs17LhbZVGedAJv8XZ1tvj5FvSg=="
    },
    "node_modules/normal": {
      "version": "0.1.1",
      "resolved": "https://registry.npmjs.org/normal/-/normal-0.1.1.tgz",
      "integrity": "sha512-d9xU0UdCM2Y1fGRkyHj4k7mbYAuNB9OqHYlc8AHGftcgby3mbYtmm9rvPsGAZ7kom43/U25gHK/rn1dJ5Q3Ibw==",
      "dev": true,
      "dependencies": {
        "lodash": "~2.4.1",
        "simple-statistics": "~0.7.0"
      }
    },
    "node_modules/normal/node_modules/lodash": {
      "version": "2.4.2",
      "resolved": "https://registry.npmjs.org/lodash/-/lodash-2.4.2.tgz",
      "integrity": "sha512-Kak1hi6/hYHGVPmdyiZijoQyz5x2iGVzs6w9GYB/HiXEtylY7tIoYEROMjvM1d9nXJqPOrG2MNPMn01bJ+S0Rw==",
      "dev": true,
      "engines": [
        "node",
        "rhino"
      ]
    },
    "node_modules/simple-statistics": {
      "version": "0.7.0",
      "resolved": "https://registry.npmjs.org/simple-statistics/-/simple-statistics-0.7.0.tgz",
      "integrity": "sha512-z3a2qaG5uau4gmphKiFgkbkuyLcQP3SFI7RuJv+kxMN9CpCg4QOzteR1fzRTflZwM5RJxeLfYevP3kvAS4dYJA==",
      "dev": true,
      "engines": {
        "node": "*"
      }
    }
  }
}
